// !$*UTF8*$!
{
	archiveVersion = 1;
	classes = {
	};
	objectVersion = 52;
	objects = {

/* Begin PBXBuildFile section */
		560064DE258BB68100C59056 /* WorkoutSummaryViewModel.swift in Sources */ = {isa = PBXBuildFile; fileRef = 560064DD258BB68100C59056 /* WorkoutSummaryViewModel.swift */; };
		560064E6258BBAD100C59056 /* ExerciseRecordEntity+CoreDataClass.swift in Sources */ = {isa = PBXBuildFile; fileRef = 560064E3258BBAD100C59056 /* ExerciseRecordEntity+CoreDataClass.swift */; };
		560064E7258BBAD100C59056 /* ExerciseRecordEntity+CoreDataProperties.swift in Sources */ = {isa = PBXBuildFile; fileRef = 560064E4258BBAD100C59056 /* ExerciseRecordEntity+CoreDataProperties.swift */; };
		560064FE258BBC2000C59056 /* CoreDataPublisher.swift in Sources */ = {isa = PBXBuildFile; fileRef = 560064FD258BBC2000C59056 /* CoreDataPublisher.swift */; };
		56006507258BBCF200C59056 /* Date+Extension.swift in Sources */ = {isa = PBXBuildFile; fileRef = 56006506258BBCF200C59056 /* Date+Extension.swift */; };
		560D59A9258BB2970044AB48 /* ExerciseEntity+CoreDataClass.swift in Sources */ = {isa = PBXBuildFile; fileRef = 56532DE92572CDCE008F341A /* ExerciseEntity+CoreDataClass.swift */; };
		560D59AA258BB2970044AB48 /* ExerciseEntity+CoreDataProperties.swift in Sources */ = {isa = PBXBuildFile; fileRef = 56532DEA2572CDCE008F341A /* ExerciseEntity+CoreDataProperties.swift */; };
		5629306D25867EFD00801AA6 /* UIView+Extension.swift in Sources */ = {isa = PBXBuildFile; fileRef = 5629306C25867EFD00801AA6 /* UIView+Extension.swift */; };
		562FF4DB25756D7800ABA4D1 /* BarChartView.swift in Sources */ = {isa = PBXBuildFile; fileRef = 562FF4DA25756D7800ABA4D1 /* BarChartView.swift */; };
		562FF4ED2575710B00ABA4D1 /* ChartGridView.swift in Sources */ = {isa = PBXBuildFile; fileRef = 562FF4EC2575710B00ABA4D1 /* ChartGridView.swift */; };
		562FF4F52575714500ABA4D1 /* ChartGridViewModel.swift in Sources */ = {isa = PBXBuildFile; fileRef = 562FF4F42575714500ABA4D1 /* ChartGridViewModel.swift */; };
		56415DF5251A4D1F00B688DE /* WorkoutViewController.swift in Sources */ = {isa = PBXBuildFile; fileRef = 56415DF3251A4D1F00B688DE /* WorkoutViewController.swift */; };
		56415DF6251A4D1F00B688DE /* WorkoutViewController.xib in Resources */ = {isa = PBXBuildFile; fileRef = 56415DF4251A4D1F00B688DE /* WorkoutViewController.xib */; };
		56415DFE251A4F1B00B688DE /* WorkoutViewModel.swift in Sources */ = {isa = PBXBuildFile; fileRef = 56415DFD251A4F1B00B688DE /* WorkoutViewModel.swift */; };
		5643AD2D2549DFD000945EFA /* Localizable.strings in Resources */ = {isa = PBXBuildFile; fileRef = 5643AD2F2549DFD000945EFA /* Localizable.strings */; };
		5643AD492549E13F00945EFA /* String+Extension.swift in Sources */ = {isa = PBXBuildFile; fileRef = 5643AD482549E13F00945EFA /* String+Extension.swift */; };
		5643AD512549E15900945EFA /* LocalizableKey.swift in Sources */ = {isa = PBXBuildFile; fileRef = 5643AD502549E15900945EFA /* LocalizableKey.swift */; };
		564838FF256C367000F7005B /* ExerciseListView.swift in Sources */ = {isa = PBXBuildFile; fileRef = 564838FE256C367000F7005B /* ExerciseListView.swift */; };
		56483904256C377000F7005B /* RoutinesListView.swift in Sources */ = {isa = PBXBuildFile; fileRef = 56483903256C377000F7005B /* RoutinesListView.swift */; };
		5648390E256C383A00F7005B /* RoundedCornerCellModifier.swift in Sources */ = {isa = PBXBuildFile; fileRef = 5648390D256C383A00F7005B /* RoundedCornerCellModifier.swift */; };
		56483913256C3C4400F7005B /* CreateRoutineStep1View.swift in Sources */ = {isa = PBXBuildFile; fileRef = 56483912256C3C4400F7005B /* CreateRoutineStep1View.swift */; };
		5648391F256C3EAE00F7005B /* CreateRoutineViewModel.swift in Sources */ = {isa = PBXBuildFile; fileRef = 5648391E256C3EAE00F7005B /* CreateRoutineViewModel.swift */; };
		5649350F255015DC000F8A5F /* JumpingJack.swift in Sources */ = {isa = PBXBuildFile; fileRef = 5649350E255015DC000F8A5F /* JumpingJack.swift */; };
		5649352625501C05000F8A5F /* BoundingBoxView.swift in Sources */ = {isa = PBXBuildFile; fileRef = 5649352525501C05000F8A5F /* BoundingBoxView.swift */; };
		5649352B25501C1D000F8A5F /* AnimatedTransitioning.swift in Sources */ = {isa = PBXBuildFile; fileRef = 5649352A25501C1D000F8A5F /* AnimatedTransitioning.swift */; };
		5649353C25507699000F8A5F /* WorkoutSummaryView.swift in Sources */ = {isa = PBXBuildFile; fileRef = 5649353B25507699000F8A5F /* WorkoutSummaryView.swift */; };
		564935422550775F000F8A5F /* Color+Extension.swift in Sources */ = {isa = PBXBuildFile; fileRef = 564935412550775F000F8A5F /* Color+Extension.swift */; };
		56493547255077C7000F8A5F /* WorkoutSummary.swift in Sources */ = {isa = PBXBuildFile; fileRef = 56493546255077C7000F8A5F /* WorkoutSummary.swift */; };
		56493552255078D5000F8A5F /* WorkoutSummaryHeaderView.swift in Sources */ = {isa = PBXBuildFile; fileRef = 56493551255078D5000F8A5F /* WorkoutSummaryHeaderView.swift */; };
		5649355A255079F4000F8A5F /* Double+Extension.swift in Sources */ = {isa = PBXBuildFile; fileRef = 56493559255079F4000F8A5F /* Double+Extension.swift */; };
		5649356225507A7E000F8A5F /* NumberFormatter+Extension.swift in Sources */ = {isa = PBXBuildFile; fileRef = 5649356125507A7E000F8A5F /* NumberFormatter+Extension.swift */; };
		5649356725507DBA000F8A5F /* WorkoutSummaryItemView.swift in Sources */ = {isa = PBXBuildFile; fileRef = 5649356625507DBA000F8A5F /* WorkoutSummaryItemView.swift */; };
		56532DC52572B134008F341A /* CreateRoutineStep3View.swift in Sources */ = {isa = PBXBuildFile; fileRef = 56532DC42572B134008F341A /* CreateRoutineStep3View.swift */; };
		56532DCA2572B6DD008F341A /* CreateRoutineStep3ViewModel.swift in Sources */ = {isa = PBXBuildFile; fileRef = 56532DC92572B6DD008F341A /* CreateRoutineStep3ViewModel.swift */; };
		56532DCF2572C255008F341A /* NSNotification+Extension.swift in Sources */ = {isa = PBXBuildFile; fileRef = 56532DCE2572C255008F341A /* NSNotification+Extension.swift */; };
		56532DF12572CDCE008F341A /* WorkoutEntity+CoreDataClass.swift in Sources */ = {isa = PBXBuildFile; fileRef = 56532DEB2572CDCE008F341A /* WorkoutEntity+CoreDataClass.swift */; };
		56532DF22572CDCE008F341A /* WorkoutEntity+CoreDataProperties.swift in Sources */ = {isa = PBXBuildFile; fileRef = 56532DEC2572CDCE008F341A /* WorkoutEntity+CoreDataProperties.swift */; };
		56532DF32572CDCE008F341A /* WorkoutExerciseEntity+CoreDataClass.swift in Sources */ = {isa = PBXBuildFile; fileRef = 56532DED2572CDCE008F341A /* WorkoutExerciseEntity+CoreDataClass.swift */; };
		56532DF42572CDCE008F341A /* WorkoutExerciseEntity+CoreDataProperties.swift in Sources */ = {isa = PBXBuildFile; fileRef = 56532DEE2572CDCE008F341A /* WorkoutExerciseEntity+CoreDataProperties.swift */; };
		56532DFC2572CE04008F341A /* CoreDataStack.swift in Sources */ = {isa = PBXBuildFile; fileRef = 56532DFB2572CE04008F341A /* CoreDataStack.swift */; };
		56532E012572CF05008F341A /* NSObject+Extension.swift in Sources */ = {isa = PBXBuildFile; fileRef = 56532E002572CF05008F341A /* NSObject+Extension.swift */; };
		56532E162572D1B8008F341A /* Int+Extension.swift in Sources */ = {isa = PBXBuildFile; fileRef = 56532E152572D1B8008F341A /* Int+Extension.swift */; };
		56532E1B2572D2A6008F341A /* NSManagedObject+Extension.swift in Sources */ = {isa = PBXBuildFile; fileRef = 56532E1A2572D2A6008F341A /* NSManagedObject+Extension.swift */; };
		56532E202572D3CE008F341A /* AppViewModel.swift in Sources */ = {isa = PBXBuildFile; fileRef = 56532E1F2572D3CE008F341A /* AppViewModel.swift */; };
		567ADCB024C0A1F000A23864 /* AppDelegate.swift in Sources */ = {isa = PBXBuildFile; fileRef = 567ADCAF24C0A1F000A23864 /* AppDelegate.swift */; };
		567ADCBA24C0A1F000A23864 /* HouseTraining.xcdatamodeld in Sources */ = {isa = PBXBuildFile; fileRef = 567ADCB824C0A1F000A23864 /* HouseTraining.xcdatamodeld */; };
		567ADCBC24C0A1F100A23864 /* Assets.xcassets in Resources */ = {isa = PBXBuildFile; fileRef = 567ADCBB24C0A1F100A23864 /* Assets.xcassets */; };
		567ADCBF24C0A1F100A23864 /* LaunchScreen.storyboard in Resources */ = {isa = PBXBuildFile; fileRef = 567ADCBD24C0A1F100A23864 /* LaunchScreen.storyboard */; };
		567ADCCA24C0A1F100A23864 /* HouseTrainingTests.swift in Sources */ = {isa = PBXBuildFile; fileRef = 567ADCC924C0A1F100A23864 /* HouseTrainingTests.swift */; };
		567ADCD524C0A1F100A23864 /* HouseTrainingUITests.swift in Sources */ = {isa = PBXBuildFile; fileRef = 567ADCD424C0A1F100A23864 /* HouseTrainingUITests.swift */; };
		567ADCF424C0A7F000A23864 /* CameraFeedView.swift in Sources */ = {isa = PBXBuildFile; fileRef = 567ADCF324C0A7F000A23864 /* CameraFeedView.swift */; };
		567ADCFA24C0A87700A23864 /* PlayerActionClassifier.swift in Sources */ = {isa = PBXBuildFile; fileRef = 567ADCF724C0A87700A23864 /* PlayerActionClassifier.swift */; };
		567ADCFB24C0A87700A23864 /* PlayerStats.swift in Sources */ = {isa = PBXBuildFile; fileRef = 567ADCF824C0A87700A23864 /* PlayerStats.swift */; };
		567ADCFC24C0A87700A23864 /* ThrowMetrics.swift in Sources */ = {isa = PBXBuildFile; fileRef = 567ADCF924C0A87700A23864 /* ThrowMetrics.swift */; };
		567CA471256EC17100BB9385 /* CreateRoutineStep2CVCell.swift in Sources */ = {isa = PBXBuildFile; fileRef = 567CA470256EC17100BB9385 /* CreateRoutineStep2CVCell.swift */; };
		5696418D24C88979009E2A81 /* JacksActionClassifier.mlmodel in Sources */ = {isa = PBXBuildFile; fileRef = 5696418C24C88979009E2A81 /* JacksActionClassifier.mlmodel */; };
		569F5D0B256A77D6008644F0 /* HouseTrainingActionClassifier.mlmodel in Sources */ = {isa = PBXBuildFile; fileRef = 569F5D0A256A77D6008644F0 /* HouseTrainingActionClassifier.mlmodel */; };
		569F5D16256A807F008644F0 /* Exercise.swift in Sources */ = {isa = PBXBuildFile; fileRef = 569F5D15256A807F008644F0 /* Exercise.swift */; };
		569F5D1E256A8252008644F0 /* HighKneesRunInPlace.swift in Sources */ = {isa = PBXBuildFile; fileRef = 569F5D1D256A8252008644F0 /* HighKneesRunInPlace.swift */; };
		569F5D23256A86A6008644F0 /* Plank.swift in Sources */ = {isa = PBXBuildFile; fileRef = 569F5D22256A86A6008644F0 /* Plank.swift */; };
		569F5D28256A86EB008644F0 /* SumoSquat.swift in Sources */ = {isa = PBXBuildFile; fileRef = 569F5D27256A86EB008644F0 /* SumoSquat.swift */; };
		569F5D30256A8719008644F0 /* WallSit.swift in Sources */ = {isa = PBXBuildFile; fileRef = 569F5D2F256A8719008644F0 /* WallSit.swift */; };
		569F5D3D256A929F008644F0 /* Introspect in Frameworks */ = {isa = PBXBuildFile; productRef = 569F5D3C256A929F008644F0 /* Introspect */; };
		569F5D42256A9519008644F0 /* AppView.swift in Sources */ = {isa = PBXBuildFile; fileRef = 569F5D41256A9519008644F0 /* AppView.swift */; };
		569F5D47256A9581008644F0 /* HouseTrainingApplication.swift in Sources */ = {isa = PBXBuildFile; fileRef = 569F5D46256A9581008644F0 /* HouseTrainingApplication.swift */; };
		56A1506D2534631F00F7F9D0 /* AppUtility.swift in Sources */ = {isa = PBXBuildFile; fileRef = 56A1506C2534631F00F7F9D0 /* AppUtility.swift */; };
		56A6FA31251CF9080027CBDB /* JointSegmentView.swift in Sources */ = {isa = PBXBuildFile; fileRef = 56A6FA30251CF9080027CBDB /* JointSegmentView.swift */; };
		56B646AD24D9CEFD00C959BE /* Notification+Extension.swift in Sources */ = {isa = PBXBuildFile; fileRef = 56B646AC24D9CEFD00C959BE /* Notification+Extension.swift */; };
		56B766D924E2C1540005330D /* VisionHelper.swift in Sources */ = {isa = PBXBuildFile; fileRef = 56B766D824E2C1540005330D /* VisionHelper.swift */; };
		56EE848C256D9A4700A58ED2 /* CreateRoutineStep2TVController.swift in Sources */ = {isa = PBXBuildFile; fileRef = 56EE848B256D9A4700A58ED2 /* CreateRoutineStep2TVController.swift */; };
/* End PBXBuildFile section */

/* Begin PBXContainerItemProxy section */
		567ADCC624C0A1F100A23864 /* PBXContainerItemProxy */ = {
			isa = PBXContainerItemProxy;
			containerPortal = 567ADCA424C0A1F000A23864 /* Project object */;
			proxyType = 1;
			remoteGlobalIDString = 567ADCAB24C0A1F000A23864;
			remoteInfo = HouseTraining;
		};
		567ADCD124C0A1F100A23864 /* PBXContainerItemProxy */ = {
			isa = PBXContainerItemProxy;
			containerPortal = 567ADCA424C0A1F000A23864 /* Project object */;
			proxyType = 1;
			remoteGlobalIDString = 567ADCAB24C0A1F000A23864;
			remoteInfo = HouseTraining;
		};
/* End PBXContainerItemProxy section */

/* Begin PBXFileReference section */
		560064DD258BB68100C59056 /* WorkoutSummaryViewModel.swift */ = {isa = PBXFileReference; lastKnownFileType = sourcecode.swift; path = WorkoutSummaryViewModel.swift; sourceTree = "<group>"; };
		560064E3258BBAD100C59056 /* ExerciseRecordEntity+CoreDataClass.swift */ = {isa = PBXFileReference; lastKnownFileType = sourcecode.swift; path = "ExerciseRecordEntity+CoreDataClass.swift"; sourceTree = "<group>"; };
		560064E4258BBAD100C59056 /* ExerciseRecordEntity+CoreDataProperties.swift */ = {isa = PBXFileReference; lastKnownFileType = sourcecode.swift; path = "ExerciseRecordEntity+CoreDataProperties.swift"; sourceTree = "<group>"; };
		560064FD258BBC2000C59056 /* CoreDataPublisher.swift */ = {isa = PBXFileReference; lastKnownFileType = sourcecode.swift; path = CoreDataPublisher.swift; sourceTree = "<group>"; };
		56006506258BBCF200C59056 /* Date+Extension.swift */ = {isa = PBXFileReference; lastKnownFileType = sourcecode.swift; path = "Date+Extension.swift"; sourceTree = "<group>"; };
		5629306C25867EFD00801AA6 /* UIView+Extension.swift */ = {isa = PBXFileReference; lastKnownFileType = sourcecode.swift; path = "UIView+Extension.swift"; sourceTree = "<group>"; };
		562FF4DA25756D7800ABA4D1 /* BarChartView.swift */ = {isa = PBXFileReference; lastKnownFileType = sourcecode.swift; path = BarChartView.swift; sourceTree = "<group>"; };
		562FF4EC2575710B00ABA4D1 /* ChartGridView.swift */ = {isa = PBXFileReference; lastKnownFileType = sourcecode.swift; path = ChartGridView.swift; sourceTree = "<group>"; };
		562FF4F42575714500ABA4D1 /* ChartGridViewModel.swift */ = {isa = PBXFileReference; lastKnownFileType = sourcecode.swift; path = ChartGridViewModel.swift; sourceTree = "<group>"; };
		56415DF3251A4D1F00B688DE /* WorkoutViewController.swift */ = {isa = PBXFileReference; lastKnownFileType = sourcecode.swift; path = WorkoutViewController.swift; sourceTree = "<group>"; };
		56415DF4251A4D1F00B688DE /* WorkoutViewController.xib */ = {isa = PBXFileReference; lastKnownFileType = file.xib; path = WorkoutViewController.xib; sourceTree = "<group>"; };
		56415DFD251A4F1B00B688DE /* WorkoutViewModel.swift */ = {isa = PBXFileReference; lastKnownFileType = sourcecode.swift; path = WorkoutViewModel.swift; sourceTree = "<group>"; };
		5643AD292549DFB800945EFA /* es */ = {isa = PBXFileReference; lastKnownFileType = text.plist.strings; name = es; path = es.lproj/LaunchScreen.strings; sourceTree = "<group>"; };
		5643AD2E2549DFD000945EFA /* en */ = {isa = PBXFileReference; lastKnownFileType = text.plist.strings; name = en; path = en.lproj/Localizable.strings; sourceTree = "<group>"; };
		5643AD332549DFD400945EFA /* es */ = {isa = PBXFileReference; lastKnownFileType = text.plist.strings; name = es; path = es.lproj/Localizable.strings; sourceTree = "<group>"; };
		5643AD482549E13F00945EFA /* String+Extension.swift */ = {isa = PBXFileReference; lastKnownFileType = sourcecode.swift; path = "String+Extension.swift"; sourceTree = "<group>"; };
		5643AD502549E15900945EFA /* LocalizableKey.swift */ = {isa = PBXFileReference; lastKnownFileType = sourcecode.swift; path = LocalizableKey.swift; sourceTree = "<group>"; };
		564838FE256C367000F7005B /* ExerciseListView.swift */ = {isa = PBXFileReference; fileEncoding = 4; lastKnownFileType = sourcecode.swift; path = ExerciseListView.swift; sourceTree = "<group>"; };
		56483903256C377000F7005B /* RoutinesListView.swift */ = {isa = PBXFileReference; lastKnownFileType = sourcecode.swift; path = RoutinesListView.swift; sourceTree = "<group>"; };
		5648390D256C383A00F7005B /* RoundedCornerCellModifier.swift */ = {isa = PBXFileReference; lastKnownFileType = sourcecode.swift; path = RoundedCornerCellModifier.swift; sourceTree = "<group>"; };
		56483912256C3C4400F7005B /* CreateRoutineStep1View.swift */ = {isa = PBXFileReference; lastKnownFileType = sourcecode.swift; path = CreateRoutineStep1View.swift; sourceTree = "<group>"; };
		5648391E256C3EAE00F7005B /* CreateRoutineViewModel.swift */ = {isa = PBXFileReference; lastKnownFileType = sourcecode.swift; path = CreateRoutineViewModel.swift; sourceTree = "<group>"; };
		5649350E255015DC000F8A5F /* JumpingJack.swift */ = {isa = PBXFileReference; lastKnownFileType = sourcecode.swift; path = JumpingJack.swift; sourceTree = "<group>"; };
		5649352525501C05000F8A5F /* BoundingBoxView.swift */ = {isa = PBXFileReference; fileEncoding = 4; lastKnownFileType = sourcecode.swift; path = BoundingBoxView.swift; sourceTree = "<group>"; };
		5649352A25501C1D000F8A5F /* AnimatedTransitioning.swift */ = {isa = PBXFileReference; fileEncoding = 4; lastKnownFileType = sourcecode.swift; path = AnimatedTransitioning.swift; sourceTree = "<group>"; };
		5649353B25507699000F8A5F /* WorkoutSummaryView.swift */ = {isa = PBXFileReference; lastKnownFileType = sourcecode.swift; path = WorkoutSummaryView.swift; sourceTree = "<group>"; };
		564935412550775F000F8A5F /* Color+Extension.swift */ = {isa = PBXFileReference; lastKnownFileType = sourcecode.swift; path = "Color+Extension.swift"; sourceTree = "<group>"; };
		56493546255077C7000F8A5F /* WorkoutSummary.swift */ = {isa = PBXFileReference; lastKnownFileType = sourcecode.swift; path = WorkoutSummary.swift; sourceTree = "<group>"; };
		56493551255078D5000F8A5F /* WorkoutSummaryHeaderView.swift */ = {isa = PBXFileReference; lastKnownFileType = sourcecode.swift; path = WorkoutSummaryHeaderView.swift; sourceTree = "<group>"; };
		56493559255079F4000F8A5F /* Double+Extension.swift */ = {isa = PBXFileReference; fileEncoding = 4; lastKnownFileType = sourcecode.swift; path = "Double+Extension.swift"; sourceTree = "<group>"; };
		5649356125507A7E000F8A5F /* NumberFormatter+Extension.swift */ = {isa = PBXFileReference; lastKnownFileType = sourcecode.swift; path = "NumberFormatter+Extension.swift"; sourceTree = "<group>"; };
		5649356625507DBA000F8A5F /* WorkoutSummaryItemView.swift */ = {isa = PBXFileReference; lastKnownFileType = sourcecode.swift; path = WorkoutSummaryItemView.swift; sourceTree = "<group>"; };
		56532DC42572B134008F341A /* CreateRoutineStep3View.swift */ = {isa = PBXFileReference; lastKnownFileType = sourcecode.swift; path = CreateRoutineStep3View.swift; sourceTree = "<group>"; };
		56532DC92572B6DD008F341A /* CreateRoutineStep3ViewModel.swift */ = {isa = PBXFileReference; lastKnownFileType = sourcecode.swift; path = CreateRoutineStep3ViewModel.swift; sourceTree = "<group>"; };
		56532DCE2572C255008F341A /* NSNotification+Extension.swift */ = {isa = PBXFileReference; lastKnownFileType = sourcecode.swift; path = "NSNotification+Extension.swift"; sourceTree = "<group>"; };
		56532DE92572CDCE008F341A /* ExerciseEntity+CoreDataClass.swift */ = {isa = PBXFileReference; lastKnownFileType = sourcecode.swift; path = "ExerciseEntity+CoreDataClass.swift"; sourceTree = "<group>"; };
		56532DEA2572CDCE008F341A /* ExerciseEntity+CoreDataProperties.swift */ = {isa = PBXFileReference; lastKnownFileType = sourcecode.swift; path = "ExerciseEntity+CoreDataProperties.swift"; sourceTree = "<group>"; };
		56532DEB2572CDCE008F341A /* WorkoutEntity+CoreDataClass.swift */ = {isa = PBXFileReference; lastKnownFileType = sourcecode.swift; path = "WorkoutEntity+CoreDataClass.swift"; sourceTree = "<group>"; };
		56532DEC2572CDCE008F341A /* WorkoutEntity+CoreDataProperties.swift */ = {isa = PBXFileReference; lastKnownFileType = sourcecode.swift; path = "WorkoutEntity+CoreDataProperties.swift"; sourceTree = "<group>"; };
		56532DED2572CDCE008F341A /* WorkoutExerciseEntity+CoreDataClass.swift */ = {isa = PBXFileReference; lastKnownFileType = sourcecode.swift; path = "WorkoutExerciseEntity+CoreDataClass.swift"; sourceTree = "<group>"; };
		56532DEE2572CDCE008F341A /* WorkoutExerciseEntity+CoreDataProperties.swift */ = {isa = PBXFileReference; lastKnownFileType = sourcecode.swift; path = "WorkoutExerciseEntity+CoreDataProperties.swift"; sourceTree = "<group>"; };
		56532DFB2572CE04008F341A /* CoreDataStack.swift */ = {isa = PBXFileReference; lastKnownFileType = sourcecode.swift; path = CoreDataStack.swift; sourceTree = "<group>"; };
		56532E002572CF05008F341A /* NSObject+Extension.swift */ = {isa = PBXFileReference; lastKnownFileType = sourcecode.swift; path = "NSObject+Extension.swift"; sourceTree = "<group>"; };
		56532E152572D1B8008F341A /* Int+Extension.swift */ = {isa = PBXFileReference; lastKnownFileType = sourcecode.swift; path = "Int+Extension.swift"; sourceTree = "<group>"; };
		56532E1A2572D2A6008F341A /* NSManagedObject+Extension.swift */ = {isa = PBXFileReference; lastKnownFileType = sourcecode.swift; path = "NSManagedObject+Extension.swift"; sourceTree = "<group>"; };
		56532E1F2572D3CE008F341A /* AppViewModel.swift */ = {isa = PBXFileReference; lastKnownFileType = sourcecode.swift; path = AppViewModel.swift; sourceTree = "<group>"; };
		567ADCAC24C0A1F000A23864 /* HouseTraining.app */ = {isa = PBXFileReference; explicitFileType = wrapper.application; includeInIndex = 0; path = HouseTraining.app; sourceTree = BUILT_PRODUCTS_DIR; };
		567ADCAF24C0A1F000A23864 /* AppDelegate.swift */ = {isa = PBXFileReference; lastKnownFileType = sourcecode.swift; path = AppDelegate.swift; sourceTree = "<group>"; };
		567ADCB924C0A1F000A23864 /* HouseTraining.xcdatamodel */ = {isa = PBXFileReference; lastKnownFileType = wrapper.xcdatamodel; path = HouseTraining.xcdatamodel; sourceTree = "<group>"; };
		567ADCBB24C0A1F100A23864 /* Assets.xcassets */ = {isa = PBXFileReference; lastKnownFileType = folder.assetcatalog; path = Assets.xcassets; sourceTree = "<group>"; };
		567ADCBE24C0A1F100A23864 /* Base */ = {isa = PBXFileReference; lastKnownFileType = file.storyboard; name = Base; path = Base.lproj/LaunchScreen.storyboard; sourceTree = "<group>"; };
		567ADCC024C0A1F100A23864 /* Info.plist */ = {isa = PBXFileReference; lastKnownFileType = text.plist.xml; path = Info.plist; sourceTree = "<group>"; };
		567ADCC524C0A1F100A23864 /* HouseTrainingTests.xctest */ = {isa = PBXFileReference; explicitFileType = wrapper.cfbundle; includeInIndex = 0; path = HouseTrainingTests.xctest; sourceTree = BUILT_PRODUCTS_DIR; };
		567ADCC924C0A1F100A23864 /* HouseTrainingTests.swift */ = {isa = PBXFileReference; lastKnownFileType = sourcecode.swift; path = HouseTrainingTests.swift; sourceTree = "<group>"; };
		567ADCCB24C0A1F100A23864 /* Info.plist */ = {isa = PBXFileReference; lastKnownFileType = text.plist.xml; path = Info.plist; sourceTree = "<group>"; };
		567ADCD024C0A1F100A23864 /* HouseTrainingUITests.xctest */ = {isa = PBXFileReference; explicitFileType = wrapper.cfbundle; includeInIndex = 0; path = HouseTrainingUITests.xctest; sourceTree = BUILT_PRODUCTS_DIR; };
		567ADCD424C0A1F100A23864 /* HouseTrainingUITests.swift */ = {isa = PBXFileReference; lastKnownFileType = sourcecode.swift; path = HouseTrainingUITests.swift; sourceTree = "<group>"; };
		567ADCD624C0A1F100A23864 /* Info.plist */ = {isa = PBXFileReference; lastKnownFileType = text.plist.xml; path = Info.plist; sourceTree = "<group>"; };
		567ADCF324C0A7F000A23864 /* CameraFeedView.swift */ = {isa = PBXFileReference; lastKnownFileType = sourcecode.swift; path = CameraFeedView.swift; sourceTree = "<group>"; };
		567ADCF724C0A87700A23864 /* PlayerActionClassifier.swift */ = {isa = PBXFileReference; fileEncoding = 4; lastKnownFileType = sourcecode.swift; path = PlayerActionClassifier.swift; sourceTree = "<group>"; };
		567ADCF824C0A87700A23864 /* PlayerStats.swift */ = {isa = PBXFileReference; fileEncoding = 4; lastKnownFileType = sourcecode.swift; path = PlayerStats.swift; sourceTree = "<group>"; };
		567ADCF924C0A87700A23864 /* ThrowMetrics.swift */ = {isa = PBXFileReference; fileEncoding = 4; lastKnownFileType = sourcecode.swift; path = ThrowMetrics.swift; sourceTree = "<group>"; };
		567CA470256EC17100BB9385 /* CreateRoutineStep2CVCell.swift */ = {isa = PBXFileReference; lastKnownFileType = sourcecode.swift; path = CreateRoutineStep2CVCell.swift; sourceTree = "<group>"; };
		5696418C24C88979009E2A81 /* JacksActionClassifier.mlmodel */ = {isa = PBXFileReference; lastKnownFileType = file.mlmodel; path = JacksActionClassifier.mlmodel; sourceTree = "<group>"; };
		569F5D0A256A77D6008644F0 /* HouseTrainingActionClassifier.mlmodel */ = {isa = PBXFileReference; lastKnownFileType = file.mlmodel; path = HouseTrainingActionClassifier.mlmodel; sourceTree = "<group>"; };
		569F5D15256A807F008644F0 /* Exercise.swift */ = {isa = PBXFileReference; lastKnownFileType = sourcecode.swift; name = Exercise.swift; path = ../../../../../../houseTraining/HouseTraining/Model/Business/Entities/Exercises/Exercise.swift; sourceTree = "<group>"; };
		569F5D1D256A8252008644F0 /* HighKneesRunInPlace.swift */ = {isa = PBXFileReference; lastKnownFileType = sourcecode.swift; name = HighKneesRunInPlace.swift; path = ../../../../../../houseTraining/HouseTraining/Model/Business/Entities/Exercises/HighKneesRunInPlace.swift; sourceTree = "<group>"; };
		569F5D22256A86A6008644F0 /* Plank.swift */ = {isa = PBXFileReference; lastKnownFileType = sourcecode.swift; name = Plank.swift; path = ../../../../../../houseTraining/HouseTraining/Model/Business/Entities/Exercises/Plank.swift; sourceTree = "<group>"; };
		569F5D27256A86EB008644F0 /* SumoSquat.swift */ = {isa = PBXFileReference; lastKnownFileType = sourcecode.swift; name = SumoSquat.swift; path = ../../../../../../houseTraining/HouseTraining/Model/Business/Entities/Exercises/SumoSquat.swift; sourceTree = "<group>"; };
		569F5D2F256A8719008644F0 /* WallSit.swift */ = {isa = PBXFileReference; lastKnownFileType = sourcecode.swift; name = WallSit.swift; path = ../../../../../../houseTraining/HouseTraining/Model/Business/Entities/Exercises/WallSit.swift; sourceTree = "<group>"; };
		569F5D41256A9519008644F0 /* AppView.swift */ = {isa = PBXFileReference; lastKnownFileType = sourcecode.swift; name = AppView.swift; path = ../../../houseTraining/HouseTraining/App/AppView.swift; sourceTree = "<group>"; };
		569F5D46256A9581008644F0 /* HouseTrainingApplication.swift */ = {isa = PBXFileReference; lastKnownFileType = sourcecode.swift; name = HouseTrainingApplication.swift; path = ../../../houseTraining/HouseTraining/App/HouseTrainingApplication.swift; sourceTree = "<group>"; };
		56A1506C2534631F00F7F9D0 /* AppUtility.swift */ = {isa = PBXFileReference; lastKnownFileType = sourcecode.swift; path = AppUtility.swift; sourceTree = "<group>"; };
		56A6FA30251CF9080027CBDB /* JointSegmentView.swift */ = {isa = PBXFileReference; fileEncoding = 4; lastKnownFileType = sourcecode.swift; path = JointSegmentView.swift; sourceTree = "<group>"; };
		56B646AC24D9CEFD00C959BE /* Notification+Extension.swift */ = {isa = PBXFileReference; lastKnownFileType = sourcecode.swift; path = "Notification+Extension.swift"; sourceTree = "<group>"; };
		56B766D824E2C1540005330D /* VisionHelper.swift */ = {isa = PBXFileReference; lastKnownFileType = sourcecode.swift; path = VisionHelper.swift; sourceTree = "<group>"; };
		56EE848B256D9A4700A58ED2 /* CreateRoutineStep2TVController.swift */ = {isa = PBXFileReference; lastKnownFileType = sourcecode.swift; path = CreateRoutineStep2TVController.swift; sourceTree = "<group>"; };
/* End PBXFileReference section */

/* Begin PBXFrameworksBuildPhase section */
		567ADCA924C0A1F000A23864 /* Frameworks */ = {
			isa = PBXFrameworksBuildPhase;
			buildActionMask = 2147483647;
			files = (
				569F5D3D256A929F008644F0 /* Introspect in Frameworks */,
			);
			runOnlyForDeploymentPostprocessing = 0;
		};
		567ADCC224C0A1F100A23864 /* Frameworks */ = {
			isa = PBXFrameworksBuildPhase;
			buildActionMask = 2147483647;
			files = (
			);
			runOnlyForDeploymentPostprocessing = 0;
		};
		567ADCCD24C0A1F100A23864 /* Frameworks */ = {
			isa = PBXFrameworksBuildPhase;
			buildActionMask = 2147483647;
			files = (
			);
			runOnlyForDeploymentPostprocessing = 0;
		};
/* End PBXFrameworksBuildPhase section */

/* Begin PBXGroup section */
		56006502258BBC3200C59056 /* Core */ = {
			isa = PBXGroup;
			children = (
				567ADCB824C0A1F000A23864 /* HouseTraining.xcdatamodeld */,
				56532DFB2572CE04008F341A /* CoreDataStack.swift */,
				560064FD258BBC2000C59056 /* CoreDataPublisher.swift */,
			);
			path = Core;
			sourceTree = "<group>";
		};
		562FF4D925756D5A00ABA4D1 /* BarChart */ = {
			isa = PBXGroup;
			children = (
				562FF4DA25756D7800ABA4D1 /* BarChartView.swift */,
			);
			path = BarChart;
			sourceTree = "<group>";
		};
		562FF4EB257570F900ABA4D1 /* ChartsView */ = {
			isa = PBXGroup;
			children = (
				562FF4EC2575710B00ABA4D1 /* ChartGridView.swift */,
				562FF4F42575714500ABA4D1 /* ChartGridViewModel.swift */,
			);
			path = ChartsView;
			sourceTree = "<group>";
		};
		56415DF2251A4CA800B688DE /* Workout */ = {
			isa = PBXGroup;
			children = (
				567ADCF324C0A7F000A23864 /* CameraFeedView.swift */,
				5649352525501C05000F8A5F /* BoundingBoxView.swift */,
				56A6FA30251CF9080027CBDB /* JointSegmentView.swift */,
				56415DFD251A4F1B00B688DE /* WorkoutViewModel.swift */,
				56415DF3251A4D1F00B688DE /* WorkoutViewController.swift */,
				56415DF4251A4D1F00B688DE /* WorkoutViewController.xib */,
			);
			path = Workout;
			sourceTree = "<group>";
		};
		5643AD472549E12B00945EFA /* Extensions */ = {
			isa = PBXGroup;
			children = (
				564935412550775F000F8A5F /* Color+Extension.swift */,
				56493559255079F4000F8A5F /* Double+Extension.swift */,
				5643AD482549E13F00945EFA /* String+Extension.swift */,
				5649356125507A7E000F8A5F /* NumberFormatter+Extension.swift */,
				56532DCE2572C255008F341A /* NSNotification+Extension.swift */,
				56532E002572CF05008F341A /* NSObject+Extension.swift */,
				56532E152572D1B8008F341A /* Int+Extension.swift */,
				56532E1A2572D2A6008F341A /* NSManagedObject+Extension.swift */,
				5629306C25867EFD00801AA6 /* UIView+Extension.swift */,
				56006506258BBCF200C59056 /* Date+Extension.swift */,
			);
			path = Extensions;
			sourceTree = "<group>";
		};
		56483908256C377600F7005B /* RoutinesListView */ = {
			isa = PBXGroup;
			children = (
				56483903256C377000F7005B /* RoutinesListView.swift */,
			);
			path = RoutinesListView;
			sourceTree = "<group>";
		};
		5648390C256C382100F7005B /* Modifiers */ = {
			isa = PBXGroup;
			children = (
				5648390D256C383A00F7005B /* RoundedCornerCellModifier.swift */,
			);
			path = Modifiers;
			sourceTree = "<group>";
		};
		56483917256C3C4900F7005B /* CreateRoutineView */ = {
			isa = PBXGroup;
			children = (
				56483912256C3C4400F7005B /* CreateRoutineStep1View.swift */,
				5648391E256C3EAE00F7005B /* CreateRoutineViewModel.swift */,
				56EE848B256D9A4700A58ED2 /* CreateRoutineStep2TVController.swift */,
				567CA470256EC17100BB9385 /* CreateRoutineStep2CVCell.swift */,
				56532DC42572B134008F341A /* CreateRoutineStep3View.swift */,
				56532DC92572B6DD008F341A /* CreateRoutineStep3ViewModel.swift */,
			);
			path = CreateRoutineView;
			sourceTree = "<group>";
		};
		5649350D255015B8000F8A5F /* Exercises */ = {
			isa = PBXGroup;
			children = (
				569F5D15256A807F008644F0 /* Exercise.swift */,
				569F5D1D256A8252008644F0 /* HighKneesRunInPlace.swift */,
				5649350E255015DC000F8A5F /* JumpingJack.swift */,
				569F5D22256A86A6008644F0 /* Plank.swift */,
				569F5D27256A86EB008644F0 /* SumoSquat.swift */,
				569F5D2F256A8719008644F0 /* WallSit.swift */,
				56493546255077C7000F8A5F /* WorkoutSummary.swift */,
			);
			path = Exercises;
			sourceTree = "<group>";
		};
		5649353A25507673000F8A5F /* WorkoutSummary */ = {
			isa = PBXGroup;
			children = (
				56493551255078D5000F8A5F /* WorkoutSummaryHeaderView.swift */,
				5649356625507DBA000F8A5F /* WorkoutSummaryItemView.swift */,
				5649353B25507699000F8A5F /* WorkoutSummaryView.swift */,
				560064DD258BB68100C59056 /* WorkoutSummaryViewModel.swift */,
			);
			path = WorkoutSummary;
			sourceTree = "<group>";
		};
		56532DD32572CD43008F341A /* CoreData */ = {
			isa = PBXGroup;
			children = (
				56006502258BBC3200C59056 /* Core */,
				56532DE92572CDCE008F341A /* ExerciseEntity+CoreDataClass.swift */,
				56532DEA2572CDCE008F341A /* ExerciseEntity+CoreDataProperties.swift */,
				560064E3258BBAD100C59056 /* ExerciseRecordEntity+CoreDataClass.swift */,
				560064E4258BBAD100C59056 /* ExerciseRecordEntity+CoreDataProperties.swift */,
				56532DEB2572CDCE008F341A /* WorkoutEntity+CoreDataClass.swift */,
				56532DEC2572CDCE008F341A /* WorkoutEntity+CoreDataProperties.swift */,
				56532DED2572CDCE008F341A /* WorkoutExerciseEntity+CoreDataClass.swift */,
				56532DEE2572CDCE008F341A /* WorkoutExerciseEntity+CoreDataProperties.swift */,
			);
			path = CoreData;
			sourceTree = "<group>";
		};
		567ADCA324C0A1F000A23864 = {
			isa = PBXGroup;
			children = (
				567ADCAE24C0A1F000A23864 /* HouseTraining */,
				567ADCC824C0A1F100A23864 /* HouseTrainingTests */,
				567ADCD324C0A1F100A23864 /* HouseTrainingUITests */,
				567ADCAD24C0A1F000A23864 /* Products */,
			);
			sourceTree = "<group>";
		};
		567ADCAD24C0A1F000A23864 /* Products */ = {
			isa = PBXGroup;
			children = (
				567ADCAC24C0A1F000A23864 /* HouseTraining.app */,
				567ADCC524C0A1F100A23864 /* HouseTrainingTests.xctest */,
				567ADCD024C0A1F100A23864 /* HouseTrainingUITests.xctest */,
			);
			name = Products;
			sourceTree = "<group>";
		};
		567ADCAE24C0A1F000A23864 /* HouseTraining */ = {
			isa = PBXGroup;
			children = (
				567ADCE224C0A26B00A23864 /* App */,
				562FF4D925756D5A00ABA4D1 /* BarChart */,
				562FF4EB257570F900ABA4D1 /* ChartsView */,
				56483917256C3C4900F7005B /* CreateRoutineView */,
				56483908256C377600F7005B /* RoutinesListView */,
				569F5D0F256A7EE8008644F0 /* ExerciseListView */,
				56415DF2251A4CA800B688DE /* Workout */,
				5649353A25507673000F8A5F /* WorkoutSummary */,
				567ADCE324C0A27200A23864 /* Model */,
				567ADCE424C0A27B00A23864 /* Resources */,
				56B646AB24D9CEE200C959BE /* Utils */,
			);
			path = HouseTraining;
			sourceTree = "<group>";
		};
		567ADCC824C0A1F100A23864 /* HouseTrainingTests */ = {
			isa = PBXGroup;
			children = (
				567ADCC924C0A1F100A23864 /* HouseTrainingTests.swift */,
				567ADCCB24C0A1F100A23864 /* Info.plist */,
			);
			path = HouseTrainingTests;
			sourceTree = "<group>";
		};
		567ADCD324C0A1F100A23864 /* HouseTrainingUITests */ = {
			isa = PBXGroup;
			children = (
				567ADCD424C0A1F100A23864 /* HouseTrainingUITests.swift */,
				567ADCD624C0A1F100A23864 /* Info.plist */,
			);
			path = HouseTrainingUITests;
			sourceTree = "<group>";
		};
		567ADCE224C0A26B00A23864 /* App */ = {
			isa = PBXGroup;
			children = (
				567ADCAF24C0A1F000A23864 /* AppDelegate.swift */,
				56A1506C2534631F00F7F9D0 /* AppUtility.swift */,
				569F5D46256A9581008644F0 /* HouseTrainingApplication.swift */,
				569F5D41256A9519008644F0 /* AppView.swift */,
				56532E1F2572D3CE008F341A /* AppViewModel.swift */,
			);
			path = App;
			sourceTree = "<group>";
		};
		567ADCE324C0A27200A23864 /* Model */ = {
			isa = PBXGroup;
			children = (
				567ADCF524C0A80E00A23864 /* Business */,
				56532DD32572CD43008F341A /* CoreData */,
			);
			path = Model;
			sourceTree = "<group>";
		};
		567ADCE424C0A27B00A23864 /* Resources */ = {
			isa = PBXGroup;
			children = (
				567ADCBB24C0A1F100A23864 /* Assets.xcassets */,
				569F5D0A256A77D6008644F0 /* HouseTrainingActionClassifier.mlmodel */,
				5696418C24C88979009E2A81 /* JacksActionClassifier.mlmodel */,
				567ADCBD24C0A1F100A23864 /* LaunchScreen.storyboard */,
				5643AD2F2549DFD000945EFA /* Localizable.strings */,
				567ADCC024C0A1F100A23864 /* Info.plist */,
			);
			path = Resources;
			sourceTree = "<group>";
		};
		567ADCF524C0A80E00A23864 /* Business */ = {
			isa = PBXGroup;
			children = (
				567ADCF624C0A84900A23864 /* Entities */,
			);
			path = Business;
			sourceTree = "<group>";
		};
		567ADCF624C0A84900A23864 /* Entities */ = {
			isa = PBXGroup;
			children = (
				5649350D255015B8000F8A5F /* Exercises */,
				567ADCF724C0A87700A23864 /* PlayerActionClassifier.swift */,
				567ADCF824C0A87700A23864 /* PlayerStats.swift */,
				567ADCF924C0A87700A23864 /* ThrowMetrics.swift */,
			);
			path = Entities;
			sourceTree = "<group>";
		};
		569F5D0F256A7EE8008644F0 /* ExerciseListView */ = {
			isa = PBXGroup;
			children = (
				564838FE256C367000F7005B /* ExerciseListView.swift */,
			);
			path = ExerciseListView;
			sourceTree = "<group>";
		};
		56B646AB24D9CEE200C959BE /* Utils */ = {
			isa = PBXGroup;
			children = (
				5648390C256C382100F7005B /* Modifiers */,
				5643AD472549E12B00945EFA /* Extensions */,
				56B766D724E2C13B0005330D /* Helpers */,
				56B646AC24D9CEFD00C959BE /* Notification+Extension.swift */,
				5643AD502549E15900945EFA /* LocalizableKey.swift */,
			);
			path = Utils;
			sourceTree = "<group>";
		};
		56B766D724E2C13B0005330D /* Helpers */ = {
			isa = PBXGroup;
			children = (
				5649352A25501C1D000F8A5F /* AnimatedTransitioning.swift */,
				56B766D824E2C1540005330D /* VisionHelper.swift */,
			);
			path = Helpers;
			sourceTree = "<group>";
		};
/* End PBXGroup section */

/* Begin PBXNativeTarget section */
		567ADCAB24C0A1F000A23864 /* HouseTraining */ = {
			isa = PBXNativeTarget;
			buildConfigurationList = 567ADCD924C0A1F100A23864 /* Build configuration list for PBXNativeTarget "HouseTraining" */;
			buildPhases = (
				567ADCA824C0A1F000A23864 /* Sources */,
				567ADCA924C0A1F000A23864 /* Frameworks */,
				567ADCAA24C0A1F000A23864 /* Resources */,
			);
			buildRules = (
			);
			dependencies = (
			);
			name = HouseTraining;
			packageProductDependencies = (
				569F5D3C256A929F008644F0 /* Introspect */,
			);
			productName = HouseTraining;
			productReference = 567ADCAC24C0A1F000A23864 /* HouseTraining.app */;
			productType = "com.apple.product-type.application";
		};
		567ADCC424C0A1F100A23864 /* HouseTrainingTests */ = {
			isa = PBXNativeTarget;
			buildConfigurationList = 567ADCDC24C0A1F100A23864 /* Build configuration list for PBXNativeTarget "HouseTrainingTests" */;
			buildPhases = (
				567ADCC124C0A1F100A23864 /* Sources */,
				567ADCC224C0A1F100A23864 /* Frameworks */,
				567ADCC324C0A1F100A23864 /* Resources */,
			);
			buildRules = (
			);
			dependencies = (
				567ADCC724C0A1F100A23864 /* PBXTargetDependency */,
			);
			name = HouseTrainingTests;
			productName = HouseTrainingTests;
			productReference = 567ADCC524C0A1F100A23864 /* HouseTrainingTests.xctest */;
			productType = "com.apple.product-type.bundle.unit-test";
		};
		567ADCCF24C0A1F100A23864 /* HouseTrainingUITests */ = {
			isa = PBXNativeTarget;
			buildConfigurationList = 567ADCDF24C0A1F100A23864 /* Build configuration list for PBXNativeTarget "HouseTrainingUITests" */;
			buildPhases = (
				567ADCCC24C0A1F100A23864 /* Sources */,
				567ADCCD24C0A1F100A23864 /* Frameworks */,
				567ADCCE24C0A1F100A23864 /* Resources */,
			);
			buildRules = (
			);
			dependencies = (
				567ADCD224C0A1F100A23864 /* PBXTargetDependency */,
			);
			name = HouseTrainingUITests;
			productName = HouseTrainingUITests;
			productReference = 567ADCD024C0A1F100A23864 /* HouseTrainingUITests.xctest */;
			productType = "com.apple.product-type.bundle.ui-testing";
		};
/* End PBXNativeTarget section */

/* Begin PBXProject section */
		567ADCA424C0A1F000A23864 /* Project object */ = {
			isa = PBXProject;
			attributes = {
				LastSwiftUpdateCheck = 1200;
				LastUpgradeCheck = 1200;
				TargetAttributes = {
					567ADCAB24C0A1F000A23864 = {
						CreatedOnToolsVersion = 12.0;
					};
					567ADCC424C0A1F100A23864 = {
						CreatedOnToolsVersion = 12.0;
						TestTargetID = 567ADCAB24C0A1F000A23864;
					};
					567ADCCF24C0A1F100A23864 = {
						CreatedOnToolsVersion = 12.0;
						TestTargetID = 567ADCAB24C0A1F000A23864;
					};
				};
			};
			buildConfigurationList = 567ADCA724C0A1F000A23864 /* Build configuration list for PBXProject "HouseTraining" */;
			compatibilityVersion = "Xcode 9.3";
			developmentRegion = en;
			hasScannedForEncodings = 0;
			knownRegions = (
				en,
				Base,
				es,
			);
			mainGroup = 567ADCA324C0A1F000A23864;
			packageReferences = (
				569F5D3B256A929F008644F0 /* XCRemoteSwiftPackageReference "SwiftUI-Introspect" */,
			);
			productRefGroup = 567ADCAD24C0A1F000A23864 /* Products */;
			projectDirPath = "";
			projectRoot = "";
			targets = (
				567ADCAB24C0A1F000A23864 /* HouseTraining */,
				567ADCC424C0A1F100A23864 /* HouseTrainingTests */,
				567ADCCF24C0A1F100A23864 /* HouseTrainingUITests */,
			);
		};
/* End PBXProject section */

/* Begin PBXResourcesBuildPhase section */
		567ADCAA24C0A1F000A23864 /* Resources */ = {
			isa = PBXResourcesBuildPhase;
			buildActionMask = 2147483647;
			files = (
				56415DF6251A4D1F00B688DE /* WorkoutViewController.xib in Resources */,
				5643AD2D2549DFD000945EFA /* Localizable.strings in Resources */,
				567ADCBF24C0A1F100A23864 /* LaunchScreen.storyboard in Resources */,
				567ADCBC24C0A1F100A23864 /* Assets.xcassets in Resources */,
			);
			runOnlyForDeploymentPostprocessing = 0;
		};
		567ADCC324C0A1F100A23864 /* Resources */ = {
			isa = PBXResourcesBuildPhase;
			buildActionMask = 2147483647;
			files = (
			);
			runOnlyForDeploymentPostprocessing = 0;
		};
		567ADCCE24C0A1F100A23864 /* Resources */ = {
			isa = PBXResourcesBuildPhase;
			buildActionMask = 2147483647;
			files = (
			);
			runOnlyForDeploymentPostprocessing = 0;
		};
/* End PBXResourcesBuildPhase section */

/* Begin PBXSourcesBuildPhase section */
		567ADCA824C0A1F000A23864 /* Sources */ = {
			isa = PBXSourcesBuildPhase;
			buildActionMask = 2147483647;
			files = (
				560064DE258BB68100C59056 /* WorkoutSummaryViewModel.swift in Sources */,
				56493547255077C7000F8A5F /* WorkoutSummary.swift in Sources */,
				56483904256C377000F7005B /* RoutinesListView.swift in Sources */,
				56532DCF2572C255008F341A /* NSNotification+Extension.swift in Sources */,
				567ADCFB24C0A87700A23864 /* PlayerStats.swift in Sources */,
				5643AD492549E13F00945EFA /* String+Extension.swift in Sources */,
				56532E012572CF05008F341A /* NSObject+Extension.swift in Sources */,
				5649352B25501C1D000F8A5F /* AnimatedTransitioning.swift in Sources */,
				56532DF42572CDCE008F341A /* WorkoutExerciseEntity+CoreDataProperties.swift in Sources */,
				5649353C25507699000F8A5F /* WorkoutSummaryView.swift in Sources */,
				56532DF32572CDCE008F341A /* WorkoutExerciseEntity+CoreDataClass.swift in Sources */,
				569F5D16256A807F008644F0 /* Exercise.swift in Sources */,
				56A6FA31251CF9080027CBDB /* JointSegmentView.swift in Sources */,
				567ADCFA24C0A87700A23864 /* PlayerActionClassifier.swift in Sources */,
				569F5D30256A8719008644F0 /* WallSit.swift in Sources */,
				56483913256C3C4400F7005B /* CreateRoutineStep1View.swift in Sources */,
				56B646AD24D9CEFD00C959BE /* Notification+Extension.swift in Sources */,
				562FF4F52575714500ABA4D1 /* ChartGridViewModel.swift in Sources */,
				56532E1B2572D2A6008F341A /* NSManagedObject+Extension.swift in Sources */,
				5649350F255015DC000F8A5F /* JumpingJack.swift in Sources */,
				56532E202572D3CE008F341A /* AppViewModel.swift in Sources */,
				56B766D924E2C1540005330D /* VisionHelper.swift in Sources */,
				567ADCB024C0A1F000A23864 /* AppDelegate.swift in Sources */,
				56532E162572D1B8008F341A /* Int+Extension.swift in Sources */,
				5696418D24C88979009E2A81 /* JacksActionClassifier.mlmodel in Sources */,
				569F5D1E256A8252008644F0 /* HighKneesRunInPlace.swift in Sources */,
				564935422550775F000F8A5F /* Color+Extension.swift in Sources */,
				560064E6258BBAD100C59056 /* ExerciseRecordEntity+CoreDataClass.swift in Sources */,
				560D59AA258BB2970044AB48 /* ExerciseEntity+CoreDataProperties.swift in Sources */,
				567CA471256EC17100BB9385 /* CreateRoutineStep2CVCell.swift in Sources */,
				569F5D47256A9581008644F0 /* HouseTrainingApplication.swift in Sources */,
				5629306D25867EFD00801AA6 /* UIView+Extension.swift in Sources */,
				5643AD512549E15900945EFA /* LocalizableKey.swift in Sources */,
				5649352625501C05000F8A5F /* BoundingBoxView.swift in Sources */,
				5649355A255079F4000F8A5F /* Double+Extension.swift in Sources */,
				562FF4DB25756D7800ABA4D1 /* BarChartView.swift in Sources */,
				560D59A9258BB2970044AB48 /* ExerciseEntity+CoreDataClass.swift in Sources */,
				562FF4ED2575710B00ABA4D1 /* ChartGridView.swift in Sources */,
				56415DFE251A4F1B00B688DE /* WorkoutViewModel.swift in Sources */,
				5649356725507DBA000F8A5F /* WorkoutSummaryItemView.swift in Sources */,
				56532DF12572CDCE008F341A /* WorkoutEntity+CoreDataClass.swift in Sources */,
				564838FF256C367000F7005B /* ExerciseListView.swift in Sources */,
				5648391F256C3EAE00F7005B /* CreateRoutineViewModel.swift in Sources */,
				560064FE258BBC2000C59056 /* CoreDataPublisher.swift in Sources */,
				56532DC52572B134008F341A /* CreateRoutineStep3View.swift in Sources */,
				56532DF22572CDCE008F341A /* WorkoutEntity+CoreDataProperties.swift in Sources */,
				567ADCBA24C0A1F000A23864 /* HouseTraining.xcdatamodeld in Sources */,
				56532DCA2572B6DD008F341A /* CreateRoutineStep3ViewModel.swift in Sources */,
				56415DF5251A4D1F00B688DE /* WorkoutViewController.swift in Sources */,
				56EE848C256D9A4700A58ED2 /* CreateRoutineStep2TVController.swift in Sources */,
				569F5D28256A86EB008644F0 /* SumoSquat.swift in Sources */,
				5648390E256C383A00F7005B /* RoundedCornerCellModifier.swift in Sources */,
				56493552255078D5000F8A5F /* WorkoutSummaryHeaderView.swift in Sources */,
				56006507258BBCF200C59056 /* Date+Extension.swift in Sources */,
				560064E7258BBAD100C59056 /* ExerciseRecordEntity+CoreDataProperties.swift in Sources */,
				567ADCF424C0A7F000A23864 /* CameraFeedView.swift in Sources */,
				56A1506D2534631F00F7F9D0 /* AppUtility.swift in Sources */,
				567ADCFC24C0A87700A23864 /* ThrowMetrics.swift in Sources */,
				56532DFC2572CE04008F341A /* CoreDataStack.swift in Sources */,
				569F5D42256A9519008644F0 /* AppView.swift in Sources */,
				569F5D0B256A77D6008644F0 /* HouseTrainingActionClassifier.mlmodel in Sources */,
				569F5D23256A86A6008644F0 /* Plank.swift in Sources */,
				5649356225507A7E000F8A5F /* NumberFormatter+Extension.swift in Sources */,
			);
			runOnlyForDeploymentPostprocessing = 0;
		};
		567ADCC124C0A1F100A23864 /* Sources */ = {
			isa = PBXSourcesBuildPhase;
			buildActionMask = 2147483647;
			files = (
				567ADCCA24C0A1F100A23864 /* HouseTrainingTests.swift in Sources */,
			);
			runOnlyForDeploymentPostprocessing = 0;
		};
		567ADCCC24C0A1F100A23864 /* Sources */ = {
			isa = PBXSourcesBuildPhase;
			buildActionMask = 2147483647;
			files = (
				567ADCD524C0A1F100A23864 /* HouseTrainingUITests.swift in Sources */,
			);
			runOnlyForDeploymentPostprocessing = 0;
		};
/* End PBXSourcesBuildPhase section */

/* Begin PBXTargetDependency section */
		567ADCC724C0A1F100A23864 /* PBXTargetDependency */ = {
			isa = PBXTargetDependency;
			target = 567ADCAB24C0A1F000A23864 /* HouseTraining */;
			targetProxy = 567ADCC624C0A1F100A23864 /* PBXContainerItemProxy */;
		};
		567ADCD224C0A1F100A23864 /* PBXTargetDependency */ = {
			isa = PBXTargetDependency;
			target = 567ADCAB24C0A1F000A23864 /* HouseTraining */;
			targetProxy = 567ADCD124C0A1F100A23864 /* PBXContainerItemProxy */;
		};
/* End PBXTargetDependency section */

/* Begin PBXVariantGroup section */
		5643AD2F2549DFD000945EFA /* Localizable.strings */ = {
			isa = PBXVariantGroup;
			children = (
				5643AD2E2549DFD000945EFA /* en */,
				5643AD332549DFD400945EFA /* es */,
			);
			name = Localizable.strings;
			sourceTree = "<group>";
		};
		567ADCBD24C0A1F100A23864 /* LaunchScreen.storyboard */ = {
			isa = PBXVariantGroup;
			children = (
				567ADCBE24C0A1F100A23864 /* Base */,
				5643AD292549DFB800945EFA /* es */,
			);
			name = LaunchScreen.storyboard;
			sourceTree = "<group>";
		};
/* End PBXVariantGroup section */

/* Begin XCBuildConfiguration section */
		567ADCD724C0A1F100A23864 /* Debug */ = {
			isa = XCBuildConfiguration;
			buildSettings = {
				ALWAYS_SEARCH_USER_PATHS = NO;
				CLANG_ANALYZER_LOCALIZABILITY_NONLOCALIZED = YES;
				CLANG_ANALYZER_NONNULL = YES;
				CLANG_ANALYZER_NUMBER_OBJECT_CONVERSION = YES_AGGRESSIVE;
				CLANG_CXX_LANGUAGE_STANDARD = "gnu++14";
				CLANG_CXX_LIBRARY = "libc++";
				CLANG_ENABLE_MODULES = YES;
				CLANG_ENABLE_OBJC_ARC = YES;
				CLANG_ENABLE_OBJC_WEAK = YES;
				CLANG_WARN_BLOCK_CAPTURE_AUTORELEASING = YES;
				CLANG_WARN_BOOL_CONVERSION = YES;
				CLANG_WARN_COMMA = YES;
				CLANG_WARN_CONSTANT_CONVERSION = YES;
				CLANG_WARN_DEPRECATED_OBJC_IMPLEMENTATIONS = YES;
				CLANG_WARN_DIRECT_OBJC_ISA_USAGE = YES_ERROR;
				CLANG_WARN_DOCUMENTATION_COMMENTS = YES;
				CLANG_WARN_EMPTY_BODY = YES;
				CLANG_WARN_ENUM_CONVERSION = YES;
				CLANG_WARN_INFINITE_RECURSION = YES;
				CLANG_WARN_INT_CONVERSION = YES;
				CLANG_WARN_NON_LITERAL_NULL_CONVERSION = YES;
				CLANG_WARN_OBJC_IMPLICIT_RETAIN_SELF = YES;
				CLANG_WARN_OBJC_LITERAL_CONVERSION = YES;
				CLANG_WARN_OBJC_ROOT_CLASS = YES_ERROR;
				CLANG_WARN_QUOTED_INCLUDE_IN_FRAMEWORK_HEADER = YES;
				CLANG_WARN_RANGE_LOOP_ANALYSIS = YES;
				CLANG_WARN_STRICT_PROTOTYPES = YES;
				CLANG_WARN_SUSPICIOUS_MOVE = YES;
				CLANG_WARN_UNGUARDED_AVAILABILITY = YES_AGGRESSIVE;
				CLANG_WARN_UNREACHABLE_CODE = YES;
				CLANG_WARN__DUPLICATE_METHOD_MATCH = YES;
				COPY_PHASE_STRIP = NO;
				DEBUG_INFORMATION_FORMAT = dwarf;
				ENABLE_STRICT_OBJC_MSGSEND = YES;
				ENABLE_TESTABILITY = YES;
				GCC_C_LANGUAGE_STANDARD = gnu11;
				GCC_DYNAMIC_NO_PIC = NO;
				GCC_NO_COMMON_BLOCKS = YES;
				GCC_OPTIMIZATION_LEVEL = 0;
				GCC_PREPROCESSOR_DEFINITIONS = (
					"DEBUG=1",
					"$(inherited)",
				);
				GCC_WARN_64_TO_32_BIT_CONVERSION = YES;
				GCC_WARN_ABOUT_RETURN_TYPE = YES_ERROR;
				GCC_WARN_UNDECLARED_SELECTOR = YES;
				GCC_WARN_UNINITIALIZED_AUTOS = YES_AGGRESSIVE;
				GCC_WARN_UNUSED_FUNCTION = YES;
				GCC_WARN_UNUSED_VARIABLE = YES;
				IPHONEOS_DEPLOYMENT_TARGET = 14.0;
				MTL_ENABLE_DEBUG_INFO = INCLUDE_SOURCE;
				MTL_FAST_MATH = YES;
				ONLY_ACTIVE_ARCH = YES;
				SDKROOT = iphoneos;
				SWIFT_ACTIVE_COMPILATION_CONDITIONS = DEBUG;
				SWIFT_OPTIMIZATION_LEVEL = "-Onone";
			};
			name = Debug;
		};
		567ADCD824C0A1F100A23864 /* Release */ = {
			isa = XCBuildConfiguration;
			buildSettings = {
				ALWAYS_SEARCH_USER_PATHS = NO;
				CLANG_ANALYZER_LOCALIZABILITY_NONLOCALIZED = YES;
				CLANG_ANALYZER_NONNULL = YES;
				CLANG_ANALYZER_NUMBER_OBJECT_CONVERSION = YES_AGGRESSIVE;
				CLANG_CXX_LANGUAGE_STANDARD = "gnu++14";
				CLANG_CXX_LIBRARY = "libc++";
				CLANG_ENABLE_MODULES = YES;
				CLANG_ENABLE_OBJC_ARC = YES;
				CLANG_ENABLE_OBJC_WEAK = YES;
				CLANG_WARN_BLOCK_CAPTURE_AUTORELEASING = YES;
				CLANG_WARN_BOOL_CONVERSION = YES;
				CLANG_WARN_COMMA = YES;
				CLANG_WARN_CONSTANT_CONVERSION = YES;
				CLANG_WARN_DEPRECATED_OBJC_IMPLEMENTATIONS = YES;
				CLANG_WARN_DIRECT_OBJC_ISA_USAGE = YES_ERROR;
				CLANG_WARN_DOCUMENTATION_COMMENTS = YES;
				CLANG_WARN_EMPTY_BODY = YES;
				CLANG_WARN_ENUM_CONVERSION = YES;
				CLANG_WARN_INFINITE_RECURSION = YES;
				CLANG_WARN_INT_CONVERSION = YES;
				CLANG_WARN_NON_LITERAL_NULL_CONVERSION = YES;
				CLANG_WARN_OBJC_IMPLICIT_RETAIN_SELF = YES;
				CLANG_WARN_OBJC_LITERAL_CONVERSION = YES;
				CLANG_WARN_OBJC_ROOT_CLASS = YES_ERROR;
				CLANG_WARN_QUOTED_INCLUDE_IN_FRAMEWORK_HEADER = YES;
				CLANG_WARN_RANGE_LOOP_ANALYSIS = YES;
				CLANG_WARN_STRICT_PROTOTYPES = YES;
				CLANG_WARN_SUSPICIOUS_MOVE = YES;
				CLANG_WARN_UNGUARDED_AVAILABILITY = YES_AGGRESSIVE;
				CLANG_WARN_UNREACHABLE_CODE = YES;
				CLANG_WARN__DUPLICATE_METHOD_MATCH = YES;
				COPY_PHASE_STRIP = NO;
				DEBUG_INFORMATION_FORMAT = "dwarf-with-dsym";
				ENABLE_NS_ASSERTIONS = NO;
				ENABLE_STRICT_OBJC_MSGSEND = YES;
				GCC_C_LANGUAGE_STANDARD = gnu11;
				GCC_NO_COMMON_BLOCKS = YES;
				GCC_WARN_64_TO_32_BIT_CONVERSION = YES;
				GCC_WARN_ABOUT_RETURN_TYPE = YES_ERROR;
				GCC_WARN_UNDECLARED_SELECTOR = YES;
				GCC_WARN_UNINITIALIZED_AUTOS = YES_AGGRESSIVE;
				GCC_WARN_UNUSED_FUNCTION = YES;
				GCC_WARN_UNUSED_VARIABLE = YES;
				IPHONEOS_DEPLOYMENT_TARGET = 14.0;
				MTL_ENABLE_DEBUG_INFO = NO;
				MTL_FAST_MATH = YES;
				SDKROOT = iphoneos;
				SWIFT_COMPILATION_MODE = wholemodule;
				SWIFT_OPTIMIZATION_LEVEL = "-O";
				VALIDATE_PRODUCT = YES;
			};
			name = Release;
		};
		567ADCDA24C0A1F100A23864 /* Debug */ = {
			isa = XCBuildConfiguration;
			buildSettings = {
				ASSETCATALOG_COMPILER_APPICON_NAME = AppIcon;
				ASSETCATALOG_COMPILER_GLOBAL_ACCENT_COLOR_NAME = AccentColor;
				CODE_SIGN_STYLE = Automatic;
				DEVELOPMENT_TEAM = UY69P266SE;
				INFOPLIST_FILE = HouseTraining/Resources/Info.plist;
				LD_RUNPATH_SEARCH_PATHS = (
					"$(inherited)",
					"@executable_path/Frameworks",
				);
				PRODUCT_BUNDLE_IDENTIFIER = com.yhondri.HouseTraining;
				PRODUCT_NAME = "$(TARGET_NAME)";
				SWIFT_VERSION = 5.0;
				TARGETED_DEVICE_FAMILY = "1,2";
			};
			name = Debug;
		};
		567ADCDB24C0A1F100A23864 /* Release */ = {
			isa = XCBuildConfiguration;
			buildSettings = {
				ASSETCATALOG_COMPILER_APPICON_NAME = AppIcon;
				ASSETCATALOG_COMPILER_GLOBAL_ACCENT_COLOR_NAME = AccentColor;
				CODE_SIGN_STYLE = Automatic;
				DEVELOPMENT_TEAM = UY69P266SE;
				INFOPLIST_FILE = HouseTraining/Resources/Info.plist;
				LD_RUNPATH_SEARCH_PATHS = (
					"$(inherited)",
					"@executable_path/Frameworks",
				);
				PRODUCT_BUNDLE_IDENTIFIER = com.yhondri.HouseTraining;
				PRODUCT_NAME = "$(TARGET_NAME)";
				SWIFT_VERSION = 5.0;
				TARGETED_DEVICE_FAMILY = "1,2";
			};
			name = Release;
		};
		567ADCDD24C0A1F100A23864 /* Debug */ = {
			isa = XCBuildConfiguration;
			buildSettings = {
				ALWAYS_EMBED_SWIFT_STANDARD_LIBRARIES = YES;
				BUNDLE_LOADER = "$(TEST_HOST)";
				CODE_SIGN_STYLE = Automatic;
				DEVELOPMENT_TEAM = UY69P266SE;
				INFOPLIST_FILE = HouseTrainingTests/Info.plist;
				IPHONEOS_DEPLOYMENT_TARGET = 14.0;
				LD_RUNPATH_SEARCH_PATHS = (
					"$(inherited)",
					"@executable_path/Frameworks",
					"@loader_path/Frameworks",
				);
				PRODUCT_BUNDLE_IDENTIFIER = com.yhondri.HouseTrainingTests;
				PRODUCT_NAME = "$(TARGET_NAME)";
				SWIFT_VERSION = 5.0;
				TARGETED_DEVICE_FAMILY = "1,2";
				TEST_HOST = "$(BUILT_PRODUCTS_DIR)/HouseTraining.app/HouseTraining";
			};
			name = Debug;
		};
		567ADCDE24C0A1F100A23864 /* Release */ = {
			isa = XCBuildConfiguration;
			buildSettings = {
				ALWAYS_EMBED_SWIFT_STANDARD_LIBRARIES = YES;
				BUNDLE_LOADER = "$(TEST_HOST)";
				CODE_SIGN_STYLE = Automatic;
				DEVELOPMENT_TEAM = UY69P266SE;
				INFOPLIST_FILE = HouseTrainingTests/Info.plist;
				IPHONEOS_DEPLOYMENT_TARGET = 14.0;
				LD_RUNPATH_SEARCH_PATHS = (
					"$(inherited)",
					"@executable_path/Frameworks",
					"@loader_path/Frameworks",
				);
				PRODUCT_BUNDLE_IDENTIFIER = com.yhondri.HouseTrainingTests;
				PRODUCT_NAME = "$(TARGET_NAME)";
				SWIFT_VERSION = 5.0;
				TARGETED_DEVICE_FAMILY = "1,2";
				TEST_HOST = "$(BUILT_PRODUCTS_DIR)/HouseTraining.app/HouseTraining";
			};
			name = Release;
		};
		567ADCE024C0A1F100A23864 /* Debug */ = {
			isa = XCBuildConfiguration;
			buildSettings = {
				ALWAYS_EMBED_SWIFT_STANDARD_LIBRARIES = YES;
				CODE_SIGN_STYLE = Automatic;
				DEVELOPMENT_TEAM = UY69P266SE;
				INFOPLIST_FILE = HouseTrainingUITests/Info.plist;
				LD_RUNPATH_SEARCH_PATHS = (
					"$(inherited)",
					"@executable_path/Frameworks",
					"@loader_path/Frameworks",
				);
				PRODUCT_BUNDLE_IDENTIFIER = com.yhondri.HouseTrainingUITests;
				PRODUCT_NAME = "$(TARGET_NAME)";
				SWIFT_VERSION = 5.0;
				TARGETED_DEVICE_FAMILY = "1,2";
				TEST_TARGET_NAME = HouseTraining;
			};
			name = Debug;
		};
		567ADCE124C0A1F100A23864 /* Release */ = {
			isa = XCBuildConfiguration;
			buildSettings = {
				ALWAYS_EMBED_SWIFT_STANDARD_LIBRARIES = YES;
				CODE_SIGN_STYLE = Automatic;
				DEVELOPMENT_TEAM = UY69P266SE;
				INFOPLIST_FILE = HouseTrainingUITests/Info.plist;
				LD_RUNPATH_SEARCH_PATHS = (
					"$(inherited)",
					"@executable_path/Frameworks",
					"@loader_path/Frameworks",
				);
				PRODUCT_BUNDLE_IDENTIFIER = com.yhondri.HouseTrainingUITests;
				PRODUCT_NAME = "$(TARGET_NAME)";
				SWIFT_VERSION = 5.0;
				TARGETED_DEVICE_FAMILY = "1,2";
				TEST_TARGET_NAME = HouseTraining;
			};
			name = Release;
		};
/* End XCBuildConfiguration section */

/* Begin XCConfigurationList section */
		567ADCA724C0A1F000A23864 /* Build configuration list for PBXProject "HouseTraining" */ = {
			isa = XCConfigurationList;
			buildConfigurations = (
				567ADCD724C0A1F100A23864 /* Debug */,
				567ADCD824C0A1F100A23864 /* Release */,
			);
			defaultConfigurationIsVisible = 0;
			defaultConfigurationName = Release;
		};
		567ADCD924C0A1F100A23864 /* Build configuration list for PBXNativeTarget "HouseTraining" */ = {
			isa = XCConfigurationList;
			buildConfigurations = (
				567ADCDA24C0A1F100A23864 /* Debug */,
				567ADCDB24C0A1F100A23864 /* Release */,
			);
			defaultConfigurationIsVisible = 0;
			defaultConfigurationName = Release;
		};
		567ADCDC24C0A1F100A23864 /* Build configuration list for PBXNativeTarget "HouseTrainingTests" */ = {
			isa = XCConfigurationList;
			buildConfigurations = (
				567ADCDD24C0A1F100A23864 /* Debug */,
				567ADCDE24C0A1F100A23864 /* Release */,
			);
			defaultConfigurationIsVisible = 0;
			defaultConfigurationName = Release;
		};
		567ADCDF24C0A1F100A23864 /* Build configuration list for PBXNativeTarget "HouseTrainingUITests" */ = {
			isa = XCConfigurationList;
			buildConfigurations = (
				567ADCE024C0A1F100A23864 /* Debug */,
				567ADCE124C0A1F100A23864 /* Release */,
			);
			defaultConfigurationIsVisible = 0;
			defaultConfigurationName = Release;
		};
/* End XCConfigurationList section */

/* Begin XCRemoteSwiftPackageReference section */
		569F5D3B256A929F008644F0 /* XCRemoteSwiftPackageReference "SwiftUI-Introspect" */ = {
			isa = XCRemoteSwiftPackageReference;
			repositoryURL = "https://github.com/siteline/SwiftUI-Introspect.git";
			requirement = {
				kind = upToNextMajorVersion;
				minimumVersion = 0.1.1;
			};
		};
/* End XCRemoteSwiftPackageReference section */

/* Begin XCSwiftPackageProductDependency section */
		569F5D3C256A929F008644F0 /* Introspect */ = {
			isa = XCSwiftPackageProductDependency;
			package = 569F5D3B256A929F008644F0 /* XCRemoteSwiftPackageReference "SwiftUI-Introspect" */;
			productName = Introspect;
		};
/* End XCSwiftPackageProductDependency section */

/* Begin XCVersionGroup section */
		567ADCB824C0A1F000A23864 /* HouseTraining.xcdatamodeld */ = {
			isa = XCVersionGroup;
			children = (
				567ADCB924C0A1F000A23864 /* HouseTraining.xcdatamodel */,
			);
			currentVersion = 567ADCB924C0A1F000A23864 /* HouseTraining.xcdatamodel */;
			path = HouseTraining.xcdatamodeld;
			sourceTree = "<group>";
			versionGroupType = wrapper.xcdatamodel;
		};
/* End XCVersionGroup section */
	};
	rootObject = 567ADCA424C0A1F000A23864 /* Project object */;
}
